
Microsoft Visual Studio Solution File, Format Version 12.00
# Visual Studio Version 16
VisualStudioVersion = 25.0.1704.3
MinimumVisualStudioVersion = 10.0.40219.1
Project("{FAE04EC0-301F-11D3-BF4B-00C04F79EFBC}") = "Lists", "Lists\Lists.csproj", "{862AA1F2-1657-4BC0-83BA-FF286DAA2A31}"
EndProject
Project("{FAE04EC0-301F-11D3-BF4B-00C04F79EFBC}") = "Lists.Tests", "Lists.Tests\Lists.Tests.csproj", "{C23D0036-3F75-4115-945B-251EAA7B75EF}"
EndProject
Global
	GlobalSection(SolutionConfigurationPlatforms) = preSolution
		Debug|Any CPU = Debug|Any CPU
		Release|Any CPU = Release|Any CPU
	EndGlobalSection
	GlobalSection(ProjectConfigurationPlatforms) = postSolution
		{862AA1F2-1657-4BC0-83BA-FF286DAA2A31}.Debug|Any CPU.ActiveCfg = Debug|Any CPU
		{862AA1F2-1657-4BC0-83BA-FF286DAA2A31}.Debug|Any CPU.Build.0 = Debug|Any CPU
		{862AA1F2-1657-4BC0-83BA-FF286DAA2A31}.Release|Any CPU.ActiveCfg = Release|Any CPU
		{862AA1F2-1657-4BC0-83BA-FF286DAA2A31}.Release|Any CPU.Build.0 = Release|Any CPU
		{C23D0036-3F75-4115-945B-251EAA7B75EF}.Debug|Any CPU.ActiveCfg = Debug|Any CPU
		{C23D0036-3F75-4115-945B-251EAA7B75EF}.Debug|Any CPU.Build.0 = Debug|Any CPU
		{C23D0036-3F75-4115-945B-251EAA7B75EF}.Release|Any CPU.ActiveCfg = Release|Any CPU
		{C23D0036-3F75-4115-945B-251EAA7B75EF}.Release|Any CPU.Build.0 = Release|Any CPU
	EndGlobalSection
	GlobalSection(SolutionProperties) = preSolution
		HideSolutionNode = FALSE
	EndGlobalSection
	GlobalSection(ExtensibilityGlobals) = postSolution
		SolutionGuid = {24DF9A91-FCDA-457C-83BF-88801A31DF92}
	EndGlobalSection
EndGlobal
